// !$*UTF8*$!
{
	archiveVersion = 1;
	classes = {
	};
	objectVersion = 46;
	objects = {

/* Begin PBXBuildFile section */
		73BF8EB11DED1FF2002F80DA /* RNFileUploader.h in CopyFiles */ = {isa = PBXBuildFile; fileRef = 73BF8EB01DED1FF2002F80DA /* RNFileUploader.h */; };
		73BF8EB31DED1FF2002F80DA /* RNFileUploader.m in Sources */ = {isa = PBXBuildFile; fileRef = 73BF8EB21DED1FF2002F80DA /* RNFileUploader.m */; };
/* End PBXBuildFile section */

/* Begin PBXCopyFilesBuildPhase section */
		73BF8EAB1DED1FF2002F80DA /* CopyFiles */ = {
			isa = PBXCopyFilesBuildPhase;
			buildActionMask = 2147483647;
			dstPath = "include/$(PRODUCT_NAME)";
			dstSubfolderSpec = 16;
			files = (
				73BF8EB11DED1FF2002F80DA /* RNFileUploader.h in CopyFiles */,
			);
			runOnlyForDeploymentPostprocessing = 0;
		};
/* End PBXCopyFilesBuildPhase section */

/* Begin PBXFileReference section */
		73BF8EAD1DED1FF2002F80DA /* libRNFileUploader.a */ = {isa = PBXFileReference; explicitFileType = archive.ar; includeInIndex = 0; path = libRNFileUploader.a; sourceTree = BUILT_PRODUCTS_DIR; };
		73BF8EB01DED1FF2002F80DA /* RNFileUploader.h */ = {isa = PBXFileReference; lastKnownFileType = sourcecode.c.h; path = RNFileUploader.h; sourceTree = "<group>"; };
		73BF8EB21DED1FF2002F80DA /* RNFileUploader.m */ = {isa = PBXFileReference; lastKnownFileType = sourcecode.c.objc; path = RNFileUploader.m; sourceTree = "<group>"; };
/* End PBXFileReference section */

/* Begin PBXFrameworksBuildPhase section */
		73BF8EAA1DED1FF2002F80DA /* Frameworks */ = {
			isa = PBXFrameworksBuildPhase;
			buildActionMask = 2147483647;
			files = (
			);
			runOnlyForDeploymentPostprocessing = 0;
		};
/* End PBXFrameworksBuildPhase section */

/* Begin PBXGroup section */
		73BF8EA41DED1FF2002F80DA = {
			isa = PBXGroup;
			children = (
				73BF8EAF1DED1FF2002F80DA /* RNFileUploader */,
				73BF8EAE1DED1FF2002F80DA /* Products */,
			);
			sourceTree = "<group>";
		};
		73BF8EAE1DED1FF2002F80DA /* Products */ = {
			isa = PBXGroup;
			children = (
				73BF8EAD1DED1FF2002F80DA /* libRNFileUploader.a */,
			);
			name = Products;
			sourceTree = "<group>";
		};
		73BF8EAF1DED1FF2002F80DA /* RNFileUploader */ = {
			isa = PBXGroup;
			children = (
				73BF8EB01DED1FF2002F80DA /* RNFileUploader.h */,
				73BF8EB21DED1FF2002F80DA /* RNFileUploader.m */,
			);
			path = RNFileUploader;
			sourceTree = "<group>";
		};
/* End PBXGroup section */

/* Begin PBXNativeTarget section */
		73BF8EAC1DED1FF2002F80DA /* RNFileUploader */ = {
			isa = PBXNativeTarget;
			buildConfigurationList = 73BF8EB61DED1FF2002F80DA /* Build configuration list for PBXNativeTarget "RNFileUploader" */;
			buildPhases = (
				73BF8EA91DED1FF2002F80DA /* Sources */,
				73BF8EAA1DED1FF2002F80DA /* Frameworks */,
				73BF8EAB1DED1FF2002F80DA /* CopyFiles */,
			);
			buildRules = (
			);
			dependencies = (
			);
			name = RNFileUploader;
			productName = RNFileUploader;
			productReference = 73BF8EAD1DED1FF2002F80DA /* libRNFileUploader.a */;
			productType = "com.apple.product-type.library.static";
		};
/* End PBXNativeTarget section */

/* Begin PBXProject section */
		73BF8EA51DED1FF2002F80DA /* Project object */ = {
			isa = PBXProject;
			attributes = {
				LastUpgradeCheck = 0730;
				ORGANIZATIONNAME = Aotasoft;
				TargetAttributes = {
					73BF8EAC1DED1FF2002F80DA = {
						CreatedOnToolsVersion = 7.3.1;
						DevelopmentTeam = 766J4H3NXD;
					};
				};
			};
			buildConfigurationList = 73BF8EA81DED1FF2002F80DA /* Build configuration list for PBXProject "RNFileUploader" */;
			compatibilityVersion = "Xcode 3.2";
			developmentRegion = English;
			hasScannedForEncodings = 0;
			knownRegions = (
				en,
			);
			mainGroup = 73BF8EA41DED1FF2002F80DA;
			productRefGroup = 73BF8EAE1DED1FF2002F80DA /* Products */;
			projectDirPath = "";
			projectRoot = "";
			targets = (
				73BF8EAC1DED1FF2002F80DA /* RNFileUploader */,
			);
		};
/* End PBXProject section */

/* Begin PBXSourcesBuildPhase section */
		73BF8EA91DED1FF2002F80DA /* Sources */ = {
			isa = PBXSourcesBuildPhase;
			buildActionMask = 2147483647;
			files = (
				73BF8EB31DED1FF2002F80DA /* RNFileUploader.m in Sources */,
			);
			runOnlyForDeploymentPostprocessing = 0;
		};
/* End PBXSourcesBuildPhase section */

/* Begin XCBuildConfiguration section */
		73BF8EB41DED1FF2002F80DA /* Debug */ = {
			isa = XCBuildConfiguration;
			buildSettings = {
				ALWAYS_SEARCH_USER_PATHS = NO;
				CLANG_ANALYZER_NONNULL = YES;
				CLANG_CXX_LANGUAGE_STANDARD = "gnu++0x";
				CLANG_CXX_LIBRARY = "libc++";
				CLANG_ENABLE_MODULES = YES;
				CLANG_ENABLE_OBJC_ARC = YES;
				CLANG_WARN_BOOL_CONVERSION = YES;
				CLANG_WARN_CONSTANT_CONVERSION = YES;
				CLANG_WARN_DIRECT_OBJC_ISA_USAGE = YES_ERROR;
				CLANG_WARN_EMPTY_BODY = YES;
				CLANG_WARN_ENUM_CONVERSION = YES;
				CLANG_WARN_INT_CONVERSION = YES;
				CLANG_WARN_OBJC_ROOT_CLASS = YES_ERROR;
				CLANG_WARN_UNREACHABLE_CODE = YES;
				CLANG_WARN__DUPLICATE_METHOD_MATCH = YES;
				"CODE_SIGN_IDENTITY[sdk=iphoneos*]" = "iPhone Developer";
				COPY_PHASE_STRIP = NO;
				DEBUG_INFORMATION_FORMAT = dwarf;
				ENABLE_STRICT_OBJC_MSGSEND = YES;
				ENABLE_TESTABILITY = YES;
				GCC_C_LANGUAGE_STANDARD = gnu99;
				GCC_DYNAMIC_NO_PIC = NO;
				GCC_NO_COMMON_BLOCKS = YES;
				GCC_OPTIMIZATION_LEVEL = 0;
				GCC_PREPROCESSOR_DEFINITIONS = (
					"DEBUG=1",
					"$(inherited)",
				);
				GCC_WARN_64_TO_32_BIT_CONVERSION = YES;
				GCC_WARN_ABOUT_RETURN_TYPE = YES_ERROR;
				GCC_WARN_UNDECLARED_SELECTOR = YES;
				GCC_WARN_UNINITIALIZED_AUTOS = YES_AGGRESSIVE;
				GCC_WARN_UNUSED_FUNCTION = YES;
				GCC_WARN_UNUSED_VARIABLE = YES;
				IPHONEOS_DEPLOYMENT_TARGET = 9.3;
				MTL_ENABLE_DEBUG_INFO = YES;
				ONLY_ACTIVE_ARCH = YES;
				SDKROOT = iphoneos;
			};
			name = Debug;
		};
		73BF8EB51DED1FF2002F80DA /* Release */ = {
			isa = XCBuildConfiguration;
			buildSettings = {
				ALWAYS_SEARCH_USER_PATHS = NO;
				CLANG_ANALYZER_NONNULL = YES;
				CLANG_CXX_LANGUAGE_STANDARD = "gnu++0x";
				CLANG_CXX_LIBRARY = "libc++";
				CLANG_ENABLE_MODULES = YES;
				CLANG_ENABLE_OBJC_ARC = YES;
				CLANG_WARN_BOOL_CONVERSION = YES;
				CLANG_WARN_CONSTANT_CONVERSION = YES;
				CLANG_WARN_DIRECT_OBJC_ISA_USAGE = YES_ERROR;
				CLANG_WARN_EMPTY_BODY = YES;
				CLANG_WARN_ENUM_CONVERSION = YES;
				CLANG_WARN_INT_CONVERSION = YES;
				CLANG_WARN_OBJC_ROOT_CLASS = YES_ERROR;
				CLANG_WARN_UNREACHABLE_CODE = YES;
				CLANG_WARN__DUPLICATE_METHOD_MATCH = YES;
				"CODE_SIGN_IDENTITY[sdk=iphoneos*]" = "iPhone Developer";
				COPY_PHASE_STRIP = NO;
				DEBUG_INFORMATION_FORMAT = "dwarf-with-dsym";
				ENABLE_NS_ASSERTIONS = NO;
				ENABLE_STRICT_OBJC_MSGSEND = YES;
				GCC_C_LANGUAGE_STANDARD = gnu99;
				GCC_NO_COMMON_BLOCKS = YES;
				GCC_WARN_64_TO_32_BIT_CONVERSION = YES;
				GCC_WARN_ABOUT_RETURN_TYPE = YES_ERROR;
				GCC_WARN_UNDECLARED_SELECTOR = YES;
				GCC_WARN_UNINITIALIZED_AUTOS = YES_AGGRESSIVE;
				GCC_WARN_UNUSED_FUNCTION = YES;
				GCC_WARN_UNUSED_VARIABLE = YES;
				IPHONEOS_DEPLOYMENT_TARGET = 9.3;
				MTL_ENABLE_DEBUG_INFO = NO;
				SDKROOT = iphoneos;
				VALIDATE_PRODUCT = YES;
			};
			name = Release;
		};
		73BF8EB71DED1FF2002F80DA /* Debug */ = {
			isa = XCBuildConfiguration;
			buildSettings = {
				FRAMEWORK_SEARCH_PATHS = "$(inherited)";
				HEADER_SEARCH_PATHS = (
					"$(inherited)",
					"$(SRCROOT)/../../react-native/React/**",
				);
				OTHER_LDFLAGS = "-ObjC";
				PRODUCT_NAME = "$(TARGET_NAME)";
				SKIP_INSTALL = YES;
			};
			name = Debug;
		};
		73BF8EB81DED1FF2002F80DA /* Release */ = {
			isa = XCBuildConfiguration;
			buildSettings = {
				FRAMEWORK_SEARCH_PATHS = "$(inherited)";
				HEADER_SEARCH_PATHS = (
					"$(inherited)",
					"$(SRCROOT)/../../react-native/React/**",
				);
				OTHER_LDFLAGS = "-ObjC";
				PRODUCT_NAME = "$(TARGET_NAME)";
				SKIP_INSTALL = YES;
			};
			name = Release;
		};
/* End XCBuildConfiguration section */

/* Begin XCConfigurationList section */
		73BF8EA81DED1FF2002F80DA /* Build configuration list for PBXProject "RNFileUploader" */ = {
			isa = XCConfigurationList;
			buildConfigurations = (
				73BF8EB41DED1FF2002F80DA /* Debug */,
				73BF8EB51DED1FF2002F80DA /* Release */,
			);
			defaultConfigurationIsVisible = 0;
			defaultConfigurationName = Release;
		};
		73BF8EB61DED1FF2002F80DA /* Build configuration list for PBXNativeTarget "RNFileUploader" */ = {
			isa = XCConfigurationList;
			buildConfigurations = (
				73BF8EB71DED1FF2002F80DA /* Debug */,
				73BF8EB81DED1FF2002F80DA /* Release */,
			);
			defaultConfigurationIsVisible = 0;
			defaultConfigurationName = Release;
		};
/* End XCConfigurationList section */
	};
	rootObject = 73BF8EA51DED1FF2002F80DA /* Project object */;
}
